
Microsoft Visual Studio Solution File, Format Version 12.00
# Visual Studio Version 17
VisualStudioVersion = 17.14.36511.14
MinimumVisualStudioVersion = 10.0.40219.1
Project("{2150E333-8FDC-42A3-9474-1A3956D46DE8}") = "Task0", "Task0", "{02EA681E-C7D8-13C7-8484-4AC65E1B71E8}"
EndProject
Project("{FAE04EC0-301F-11D3-BF4B-00C04F79EFBC}") = "Tyuiu.BubenkoLG.Sprint6.Task0.V4.Lib", "Tyuiu.BubenkoLG.Sprint6.Task0.V4.Lib\Tyuiu.BubenkoLG.Sprint6.Task0.V4.Lib.csproj", "{0364697E-0921-4CDE-833B-82AE7CF4A02F}"
EndProject
Project("{FAE04EC0-301F-11D3-BF4B-00C04F79EFBC}") = "Tyuiu.BubenkoLG.Sprint6.Task0.V4.Test", "Tyuiu.BubenkoLG.Sprint6.Task0.V4.Test\Tyuiu.BubenkoLG.Sprint6.Task0.V4.Test.csproj", "{CF19BAA9-64D9-4AB3-B777-FB941EFB56AD}"
EndProject
Project("{FAE04EC0-301F-11D3-BF4B-00C04F79EFBC}") = "Tyuiu.BubenkoLG.Sprint6.Task0.V4", "Tyuiu.BubenkoLG.Sprint6.Task0.V4\Tyuiu.BubenkoLG.Sprint6.Task0.V4.csproj", "{38C6D143-596F-4FDB-AB1E-0AA405422E82}"
EndProject
Project("{2150E333-8FDC-42A3-9474-1A3956D46DE8}") = "Task1", "Task1", "{92FE0213-5D1C-447E-A325-13914C88D44E}"
EndProject
Project("{FAE04EC0-301F-11D3-BF4B-00C04F79EFBC}") = "Tyuiu.BubenkoLG.Sprint6.Task1.V3.Lib", "Tyuiu.BubenkoLG.Sprint6.Task1.V3.Lib\Tyuiu.BubenkoLG.Sprint6.Task1.V3.Lib.csproj", "{5C5B04AB-36A1-4174-91A1-F7F32FBDA733}"
EndProject
Project("{FAE04EC0-301F-11D3-BF4B-00C04F79EFBC}") = "Tyuiu.BubenkoLG.Sprint6.Task1.V3.Test", "Tyuiu.BubenkoLG.Sprint6.Task1.V3.Test\Tyuiu.BubenkoLG.Sprint6.Task1.V3.Test.csproj", "{066B9D46-9F48-4467-AF0D-AFD99CE20877}"
EndProject
Project("{FAE04EC0-301F-11D3-BF4B-00C04F79EFBC}") = "Tyuiu.BubenkoLG.Sprint6.Task1.V3", "Tyuiu.BubenkoLG.Sprint6.Task1.V3\Tyuiu.BubenkoLG.Sprint6.Task1.V3.csproj", "{4F85FE29-3AE3-4AD7-B5D5-BD8265449EE0}"
EndProject
Project("{2150E333-8FDC-42A3-9474-1A3956D46DE8}") = "Task2", "Task2", "{C3EBA88D-320C-44E2-A312-AFDE050485F5}"
EndProject
Project("{FAE04EC0-301F-11D3-BF4B-00C04F79EFBC}") = "Tyuiu.BubenkoLG.Sprint6.Task2.V8.Lib", "Tyuiu.BubenkoLG.Sprint6.Task2.V8.Lib\Tyuiu.BubenkoLG.Sprint6.Task2.V8.Lib.csproj", "{FFB9F5A9-8164-4135-80D4-5B38453E5194}"
EndProject
Project("{FAE04EC0-301F-11D3-BF4B-00C04F79EFBC}") = "Tyuiu.BubenkoLG.Sprint6.Task2.V8.Test", "Tyuiu.BubenkoLG.Sprint6.Task2.V8.Test\Tyuiu.BubenkoLG.Sprint6.Task2.V8.Test.csproj", "{79F1F892-6DCB-4A1B-A365-DCF7568425F2}"
EndProject
Project("{FAE04EC0-301F-11D3-BF4B-00C04F79EFBC}") = "Tyuiu.BubenkoLG.Sprint6.Task2.V8", "Tyuiu.BubenkoLG.Sprint6.Task2.V8\Tyuiu.BubenkoLG.Sprint6.Task2.V8.csproj", "{E064220E-46C3-4DB3-B5C4-DFFE7FC1A7F4}"
EndProject
Project("{2150E333-8FDC-42A3-9474-1A3956D46DE8}") = "Task3", "Task3", "{55B3FC2D-4BF2-4B36-8060-5F84DBCF9D4F}"
EndProject
Project("{FAE04EC0-301F-11D3-BF4B-00C04F79EFBC}") = "Tyuiu.BubenkoLG.Sprint6.Task3.V16.Lib", "Tyuiu.BubenkoLG.Sprint6.Task3.V16.Lib\Tyuiu.BubenkoLG.Sprint6.Task3.V16.Lib.csproj", "{12251858-E2BA-4851-A695-D03C1BFD3343}"
EndProject
Project("{FAE04EC0-301F-11D3-BF4B-00C04F79EFBC}") = "Tyuiu.BubenkoLG.Sprint6.Task3.V16.Test", "Tyuiu.BubenkoLG.Sprint6.Task3.V16.Test\Tyuiu.BubenkoLG.Sprint6.Task3.V16.Test.csproj", "{62062907-1F85-4423-B9F9-D54C11A5DD19}"
EndProject
Project("{FAE04EC0-301F-11D3-BF4B-00C04F79EFBC}") = "Tyuiu.BubenkoLG.Sprint6.Task3.V16", "Tyuiu.BubenkoLG.Sprint6.Task3.V16\Tyuiu.BubenkoLG.Sprint6.Task3.V16.csproj", "{4E6517B3-CA5C-42C6-AC39-E4B1D0BF564B}"
EndProject
Project("{2150E333-8FDC-42A3-9474-1A3956D46DE8}") = "Task4", "Task4", "{AC570CEF-11B0-437D-AAA6-BDAB18C660D9}"
EndProject
Project("{FAE04EC0-301F-11D3-BF4B-00C04F79EFBC}") = "Tyuiu.BubenkoLG.Sprint6.Task4.V29.Lib", "Tyuiu.BubenkoLG.Sprint6.Task4.V29.Lib\Tyuiu.BubenkoLG.Sprint6.Task4.V29.Lib.csproj", "{54A4A819-334E-49EB-86F8-4C1841878817}"
EndProject
Project("{FAE04EC0-301F-11D3-BF4B-00C04F79EFBC}") = "Tyuiu.BubenkoLG.Sprint6.Task4.V29.Test", "Tyuiu.BubenkoLG.Sprint6.Task4.V29.Test\Tyuiu.BubenkoLG.Sprint6.Task4.V29.Test.csproj", "{4B73668D-BC42-42CF-8C0C-24D5A57D80E0}"
EndProject
Project("{FAE04EC0-301F-11D3-BF4B-00C04F79EFBC}") = "Tyuiu.BubenkoLG.Sprint6.Task4.V29", "Tyuiu.BubenkoLG.Sprint6.Task4.V29\Tyuiu.BubenkoLG.Sprint6.Task4.V29.csproj", "{C5AE181A-681E-48C2-9B39-D0341CD291FA}"
EndProject
Project("{2150E333-8FDC-42A3-9474-1A3956D46DE8}") = "Task5", "Task5", "{B9605377-B843-4D18-91CE-2AE0D8659B57}"
EndProject
Project("{FAE04EC0-301F-11D3-BF4B-00C04F79EFBC}") = "Tyuiu.BubenkoLG.Sprint6.Task5.V19.Lib", "Tyuiu.BubenkoLG.Sprint6.Task5.V19.Lib\Tyuiu.BubenkoLG.Sprint6.Task5.V19.Lib.csproj", "{7EF93707-6D73-4F0A-A8AF-C92B3848CFF7}"
EndProject
Project("{FAE04EC0-301F-11D3-BF4B-00C04F79EFBC}") = "Tyuiu.BubenkoLG.Sprint6.Task5.V19.Test", "Tyuiu.BubenkoLG.Sprint6.Task5.V19.Test\Tyuiu.BubenkoLG.Sprint6.Task5.V19.Test.csproj", "{98F2C6AF-7CBA-42FE-A647-8AE1CF30FD5F}"
EndProject
Project("{FAE04EC0-301F-11D3-BF4B-00C04F79EFBC}") = "Tyuiu.BubenkoLG.Sprint6.Task5.V19", "Tyuiu.BubenkoLG.Sprint6.Task5.V19\Tyuiu.BubenkoLG.Sprint6.Task5.V19.csproj", "{455EB69A-FD6B-45EF-B0CF-7E8D99FDF825}"
EndProject
Project("{2150E333-8FDC-42A3-9474-1A3956D46DE8}") = "Task6", "Task6", "{5AF788AE-E0E1-488E-AEDE-69536934E0BE}"
EndProject
Project("{FAE04EC0-301F-11D3-BF4B-00C04F79EFBC}") = "Tyuiu.BubenkoLG.Sprint6.Task6.V18.Lib", "Tyuiu.BubenkoLG.Sprint6.Task6.V18.Lib\Tyuiu.BubenkoLG.Sprint6.Task6.V18.Lib.csproj", "{8489745E-AEEA-4585-B484-41095823E214}"
EndProject
Project("{FAE04EC0-301F-11D3-BF4B-00C04F79EFBC}") = "Tyuiu.BubenkoLG.Sprint6.Task6.V18.Test", "Tyuiu.BubenkoLG.Sprint6.Task6.V18.Test\Tyuiu.BubenkoLG.Sprint6.Task6.V18.Test.csproj", "{D584410D-6314-41D5-91D0-3857B7ACC20C}"
EndProject
Project("{FAE04EC0-301F-11D3-BF4B-00C04F79EFBC}") = "Tyuiu.BubenkoLG.Sprint6.Task6.V18", "Tyuiu.BubenkoLG.Sprint6.Task6.V18\Tyuiu.BubenkoLG.Sprint6.Task6.V18.csproj", "{154EF72F-86C6-4195-8B86-812C52FE7F91}"
EndProject
Global
	GlobalSection(SolutionConfigurationPlatforms) = preSolution
		Debug|Any CPU = Debug|Any CPU
		Release|Any CPU = Release|Any CPU
	EndGlobalSection
	GlobalSection(ProjectConfigurationPlatforms) = postSolution
		{0364697E-0921-4CDE-833B-82AE7CF4A02F}.Debug|Any CPU.ActiveCfg = Debug|Any CPU
		{0364697E-0921-4CDE-833B-82AE7CF4A02F}.Debug|Any CPU.Build.0 = Debug|Any CPU
		{0364697E-0921-4CDE-833B-82AE7CF4A02F}.Release|Any CPU.ActiveCfg = Release|Any CPU
		{0364697E-0921-4CDE-833B-82AE7CF4A02F}.Release|Any CPU.Build.0 = Release|Any CPU
		{CF19BAA9-64D9-4AB3-B777-FB941EFB56AD}.Debug|Any CPU.ActiveCfg = Debug|Any CPU
		{CF19BAA9-64D9-4AB3-B777-FB941EFB56AD}.Debug|Any CPU.Build.0 = Debug|Any CPU
		{CF19BAA9-64D9-4AB3-B777-FB941EFB56AD}.Release|Any CPU.ActiveCfg = Release|Any CPU
		{CF19BAA9-64D9-4AB3-B777-FB941EFB56AD}.Release|Any CPU.Build.0 = Release|Any CPU
		{38C6D143-596F-4FDB-AB1E-0AA405422E82}.Debug|Any CPU.ActiveCfg = Debug|Any CPU
		{38C6D143-596F-4FDB-AB1E-0AA405422E82}.Debug|Any CPU.Build.0 = Debug|Any CPU
		{38C6D143-596F-4FDB-AB1E-0AA405422E82}.Release|Any CPU.ActiveCfg = Release|Any CPU
		{38C6D143-596F-4FDB-AB1E-0AA405422E82}.Release|Any CPU.Build.0 = Release|Any CPU
		{5C5B04AB-36A1-4174-91A1-F7F32FBDA733}.Debug|Any CPU.ActiveCfg = Debug|Any CPU
		{5C5B04AB-36A1-4174-91A1-F7F32FBDA733}.Debug|Any CPU.Build.0 = Debug|Any CPU
		{5C5B04AB-36A1-4174-91A1-F7F32FBDA733}.Release|Any CPU.ActiveCfg = Release|Any CPU
		{5C5B04AB-36A1-4174-91A1-F7F32FBDA733}.Release|Any CPU.Build.0 = Release|Any CPU
		{066B9D46-9F48-4467-AF0D-AFD99CE20877}.Debug|Any CPU.ActiveCfg = Debug|Any CPU
		{066B9D46-9F48-4467-AF0D-AFD99CE20877}.Debug|Any CPU.Build.0 = Debug|Any CPU
		{066B9D46-9F48-4467-AF0D-AFD99CE20877}.Release|Any CPU.ActiveCfg = Release|Any CPU
		{066B9D46-9F48-4467-AF0D-AFD99CE20877}.Release|Any CPU.Build.0 = Release|Any CPU
		{4F85FE29-3AE3-4AD7-B5D5-BD8265449EE0}.Debug|Any CPU.ActiveCfg = Debug|Any CPU
		{4F85FE29-3AE3-4AD7-B5D5-BD8265449EE0}.Debug|Any CPU.Build.0 = Debug|Any CPU
		{4F85FE29-3AE3-4AD7-B5D5-BD8265449EE0}.Release|Any CPU.ActiveCfg = Release|Any CPU
		{4F85FE29-3AE3-4AD7-B5D5-BD8265449EE0}.Release|Any CPU.Build.0 = Release|Any CPU
		{FFB9F5A9-8164-4135-80D4-5B38453E5194}.Debug|Any CPU.ActiveCfg = Debug|Any CPU
		{FFB9F5A9-8164-4135-80D4-5B38453E5194}.Debug|Any CPU.Build.0 = Debug|Any CPU
		{FFB9F5A9-8164-4135-80D4-5B38453E5194}.Release|Any CPU.ActiveCfg = Release|Any CPU
		{FFB9F5A9-8164-4135-80D4-5B38453E5194}.Release|Any CPU.Build.0 = Release|Any CPU
		{79F1F892-6DCB-4A1B-A365-DCF7568425F2}.Debug|Any CPU.ActiveCfg = Debug|Any CPU
		{79F1F892-6DCB-4A1B-A365-DCF7568425F2}.Debug|Any CPU.Build.0 = Debug|Any CPU
		{79F1F892-6DCB-4A1B-A365-DCF7568425F2}.Release|Any CPU.ActiveCfg = Release|Any CPU
		{79F1F892-6DCB-4A1B-A365-DCF7568425F2}.Release|Any CPU.Build.0 = Release|Any CPU
		{E064220E-46C3-4DB3-B5C4-DFFE7FC1A7F4}.Debug|Any CPU.ActiveCfg = Debug|Any CPU
		{E064220E-46C3-4DB3-B5C4-DFFE7FC1A7F4}.Debug|Any CPU.Build.0 = Debug|Any CPU
		{E064220E-46C3-4DB3-B5C4-DFFE7FC1A7F4}.Release|Any CPU.ActiveCfg = Release|Any CPU
		{E064220E-46C3-4DB3-B5C4-DFFE7FC1A7F4}.Release|Any CPU.Build.0 = Release|Any CPU
		{12251858-E2BA-4851-A695-D03C1BFD3343}.Debug|Any CPU.ActiveCfg = Debug|Any CPU
		{12251858-E2BA-4851-A695-D03C1BFD3343}.Debug|Any CPU.Build.0 = Debug|Any CPU
		{12251858-E2BA-4851-A695-D03C1BFD3343}.Release|Any CPU.ActiveCfg = Release|Any CPU
		{12251858-E2BA-4851-A695-D03C1BFD3343}.Release|Any CPU.Build.0 = Release|Any CPU
		{62062907-1F85-4423-B9F9-D54C11A5DD19}.Debug|Any CPU.ActiveCfg = Debug|Any CPU
		{62062907-1F85-4423-B9F9-D54C11A5DD19}.Debug|Any CPU.Build.0 = Debug|Any CPU
		{62062907-1F85-4423-B9F9-D54C11A5DD19}.Release|Any CPU.ActiveCfg = Release|Any CPU
		{62062907-1F85-4423-B9F9-D54C11A5DD19}.Release|Any CPU.Build.0 = Release|Any CPU
		{4E6517B3-CA5C-42C6-AC39-E4B1D0BF564B}.Debug|Any CPU.ActiveCfg = Debug|Any CPU
		{4E6517B3-CA5C-42C6-AC39-E4B1D0BF564B}.Debug|Any CPU.Build.0 = Debug|Any CPU
		{4E6517B3-CA5C-42C6-AC39-E4B1D0BF564B}.Release|Any CPU.ActiveCfg = Release|Any CPU
		{4E6517B3-CA5C-42C6-AC39-E4B1D0BF564B}.Release|Any CPU.Build.0 = Release|Any CPU
		{54A4A819-334E-49EB-86F8-4C1841878817}.Debug|Any CPU.ActiveCfg = Debug|Any CPU
		{54A4A819-334E-49EB-86F8-4C1841878817}.Debug|Any CPU.Build.0 = Debug|Any CPU
		{54A4A819-334E-49EB-86F8-4C1841878817}.Release|Any CPU.ActiveCfg = Release|Any CPU
		{54A4A819-334E-49EB-86F8-4C1841878817}.Release|Any CPU.Build.0 = Release|Any CPU
		{4B73668D-BC42-42CF-8C0C-24D5A57D80E0}.Debug|Any CPU.ActiveCfg = Debug|Any CPU
		{4B73668D-BC42-42CF-8C0C-24D5A57D80E0}.Debug|Any CPU.Build.0 = Debug|Any CPU
		{4B73668D-BC42-42CF-8C0C-24D5A57D80E0}.Release|Any CPU.ActiveCfg = Release|Any CPU
		{4B73668D-BC42-42CF-8C0C-24D5A57D80E0}.Release|Any CPU.Build.0 = Release|Any CPU
		{C5AE181A-681E-48C2-9B39-D0341CD291FA}.Debug|Any CPU.ActiveCfg = Debug|Any CPU
		{C5AE181A-681E-48C2-9B39-D0341CD291FA}.Debug|Any CPU.Build.0 = Debug|Any CPU
		{C5AE181A-681E-48C2-9B39-D0341CD291FA}.Release|Any CPU.ActiveCfg = Release|Any CPU
		{C5AE181A-681E-48C2-9B39-D0341CD291FA}.Release|Any CPU.Build.0 = Release|Any CPU
		{7EF93707-6D73-4F0A-A8AF-C92B3848CFF7}.Debug|Any CPU.ActiveCfg = Debug|Any CPU
		{7EF93707-6D73-4F0A-A8AF-C92B3848CFF7}.Debug|Any CPU.Build.0 = Debug|Any CPU
		{7EF93707-6D73-4F0A-A8AF-C92B3848CFF7}.Release|Any CPU.ActiveCfg = Release|Any CPU
		{7EF93707-6D73-4F0A-A8AF-C92B3848CFF7}.Release|Any CPU.Build.0 = Release|Any CPU
		{98F2C6AF-7CBA-42FE-A647-8AE1CF30FD5F}.Debug|Any CPU.ActiveCfg = Debug|Any CPU
		{98F2C6AF-7CBA-42FE-A647-8AE1CF30FD5F}.Debug|Any CPU.Build.0 = Debug|Any CPU
		{98F2C6AF-7CBA-42FE-A647-8AE1CF30FD5F}.Release|Any CPU.ActiveCfg = Release|Any CPU
		{98F2C6AF-7CBA-42FE-A647-8AE1CF30FD5F}.Release|Any CPU.Build.0 = Release|Any CPU
		{455EB69A-FD6B-45EF-B0CF-7E8D99FDF825}.Debug|Any CPU.ActiveCfg = Debug|Any CPU
		{455EB69A-FD6B-45EF-B0CF-7E8D99FDF825}.Debug|Any CPU.Build.0 = Debug|Any CPU
		{455EB69A-FD6B-45EF-B0CF-7E8D99FDF825}.Release|Any CPU.ActiveCfg = Release|Any CPU
		{455EB69A-FD6B-45EF-B0CF-7E8D99FDF825}.Release|Any CPU.Build.0 = Release|Any CPU
		{8489745E-AEEA-4585-B484-41095823E214}.Debug|Any CPU.ActiveCfg = Debug|Any CPU
		{8489745E-AEEA-4585-B484-41095823E214}.Debug|Any CPU.Build.0 = Debug|Any CPU
		{8489745E-AEEA-4585-B484-41095823E214}.Release|Any CPU.ActiveCfg = Release|Any CPU
		{8489745E-AEEA-4585-B484-41095823E214}.Release|Any CPU.Build.0 = Release|Any CPU
		{D584410D-6314-41D5-91D0-3857B7ACC20C}.Debug|Any CPU.ActiveCfg = Debug|Any CPU
		{D584410D-6314-41D5-91D0-3857B7ACC20C}.Debug|Any CPU.Build.0 = Debug|Any CPU
		{D584410D-6314-41D5-91D0-3857B7ACC20C}.Release|Any CPU.ActiveCfg = Release|Any CPU
		{D584410D-6314-41D5-91D0-3857B7ACC20C}.Release|Any CPU.Build.0 = Release|Any CPU
		{154EF72F-86C6-4195-8B86-812C52FE7F91}.Debug|Any CPU.ActiveCfg = Debug|Any CPU
		{154EF72F-86C6-4195-8B86-812C52FE7F91}.Debug|Any CPU.Build.0 = Debug|Any CPU
		{154EF72F-86C6-4195-8B86-812C52FE7F91}.Release|Any CPU.ActiveCfg = Release|Any CPU
		{154EF72F-86C6-4195-8B86-812C52FE7F91}.Release|Any CPU.Build.0 = Release|Any CPU
	EndGlobalSection
	GlobalSection(SolutionProperties) = preSolution
		HideSolutionNode = FALSE
	EndGlobalSection
	GlobalSection(NestedProjects) = preSolution
		{0364697E-0921-4CDE-833B-82AE7CF4A02F} = {02EA681E-C7D8-13C7-8484-4AC65E1B71E8}
		{CF19BAA9-64D9-4AB3-B777-FB941EFB56AD} = {02EA681E-C7D8-13C7-8484-4AC65E1B71E8}
		{38C6D143-596F-4FDB-AB1E-0AA405422E82} = {02EA681E-C7D8-13C7-8484-4AC65E1B71E8}
		{5C5B04AB-36A1-4174-91A1-F7F32FBDA733} = {92FE0213-5D1C-447E-A325-13914C88D44E}
		{066B9D46-9F48-4467-AF0D-AFD99CE20877} = {92FE0213-5D1C-447E-A325-13914C88D44E}
		{4F85FE29-3AE3-4AD7-B5D5-BD8265449EE0} = {92FE0213-5D1C-447E-A325-13914C88D44E}
		{FFB9F5A9-8164-4135-80D4-5B38453E5194} = {C3EBA88D-320C-44E2-A312-AFDE050485F5}
		{79F1F892-6DCB-4A1B-A365-DCF7568425F2} = {C3EBA88D-320C-44E2-A312-AFDE050485F5}
		{E064220E-46C3-4DB3-B5C4-DFFE7FC1A7F4} = {C3EBA88D-320C-44E2-A312-AFDE050485F5}
		{12251858-E2BA-4851-A695-D03C1BFD3343} = {55B3FC2D-4BF2-4B36-8060-5F84DBCF9D4F}
		{62062907-1F85-4423-B9F9-D54C11A5DD19} = {55B3FC2D-4BF2-4B36-8060-5F84DBCF9D4F}
		{4E6517B3-CA5C-42C6-AC39-E4B1D0BF564B} = {55B3FC2D-4BF2-4B36-8060-5F84DBCF9D4F}
		{54A4A819-334E-49EB-86F8-4C1841878817} = {AC570CEF-11B0-437D-AAA6-BDAB18C660D9}
		{4B73668D-BC42-42CF-8C0C-24D5A57D80E0} = {AC570CEF-11B0-437D-AAA6-BDAB18C660D9}
		{C5AE181A-681E-48C2-9B39-D0341CD291FA} = {AC570CEF-11B0-437D-AAA6-BDAB18C660D9}
		{7EF93707-6D73-4F0A-A8AF-C92B3848CFF7} = {B9605377-B843-4D18-91CE-2AE0D8659B57}
		{98F2C6AF-7CBA-42FE-A647-8AE1CF30FD5F} = {B9605377-B843-4D18-91CE-2AE0D8659B57}
		{455EB69A-FD6B-45EF-B0CF-7E8D99FDF825} = {B9605377-B843-4D18-91CE-2AE0D8659B57}
		{8489745E-AEEA-4585-B484-41095823E214} = {5AF788AE-E0E1-488E-AEDE-69536934E0BE}
		{D584410D-6314-41D5-91D0-3857B7ACC20C} = {5AF788AE-E0E1-488E-AEDE-69536934E0BE}
		{154EF72F-86C6-4195-8B86-812C52FE7F91} = {5AF788AE-E0E1-488E-AEDE-69536934E0BE}
	EndGlobalSection
	GlobalSection(ExtensibilityGlobals) = postSolution
		SolutionGuid = {7539032F-4839-469F-9F65-ADAE4C343C4D}
	EndGlobalSection
EndGlobal
